
Microsoft Visual Studio Solution File, Format Version 12.00
# Visual Studio Version 16
VisualStudioVersion = 16.0.32630.194
MinimumVisualStudioVersion = 10.0.40219.1
Project("{FAE04EC0-301F-11D3-BF4B-00C04F79EFBC}") = "EProject", "eProject\EProject.csproj", "{8CEF8A12-20C1-4B41-9D9A-D50783085530}"
EndProject
Global
	GlobalSection(SolutionConfigurationPlatforms) = preSolution
		Debug|Any CPU = Debug|Any CPU
		Release|Any CPU = Release|Any CPU
	EndGlobalSection
	GlobalSection(ProjectConfigurationPlatforms) = postSolution
		{8CEF8A12-20C1-4B41-9D9A-D50783085530}.Debug|Any CPU.ActiveCfg = Debug|Any CPU
		{8CEF8A12-20C1-4B41-9D9A-D50783085530}.Debug|Any CPU.Build.0 = Debug|Any CPU
		{8CEF8A12-20C1-4B41-9D9A-D50783085530}.Release|Any CPU.ActiveCfg = Release|Any CPU
		{8CEF8A12-20C1-4B41-9D9A-D50783085530}.Release|Any CPU.Build.0 = Release|Any CPU
	EndGlobalSection
	GlobalSection(SolutionProperties) = preSolution
		HideSolutionNode = FALSE
	EndGlobalSection
	GlobalSection(ExtensibilityGlobals) = postSolution
		SolutionGuid = {AB821C23-0242-4737-B973-D8760A118632}
	EndGlobalSection
EndGlobal
